// !$*UTF8*$!
{
	archiveVersion = 1;
	classes = {
	};
	objectVersion = 56;
	objects = {

/* Begin PBXBuildFile section */
		3D73F77B2A532EFD00ED9F7C /* HackIllinoisSystemsDemoApp.swift in Sources */ = {isa = PBXBuildFile; fileRef = 3D73F77A2A532EFD00ED9F7C /* HackIllinoisSystemsDemoApp.swift */; };
		3D73F77D2A532EFD00ED9F7C /* ContentView.swift in Sources */ = {isa = PBXBuildFile; fileRef = 3D73F77C2A532EFD00ED9F7C /* ContentView.swift */; };
		3D73F77F2A532EFF00ED9F7C /* Assets.xcassets in Resources */ = {isa = PBXBuildFile; fileRef = 3D73F77E2A532EFF00ED9F7C /* Assets.xcassets */; };
		3D73F7822A532EFF00ED9F7C /* Preview Assets.xcassets in Resources */ = {isa = PBXBuildFile; fileRef = 3D73F7812A532EFF00ED9F7C /* Preview Assets.xcassets */; };
		3D73F78C2A532EFF00ED9F7C /* HackIllinoisSystemsDemoTests.swift in Sources */ = {isa = PBXBuildFile; fileRef = 3D73F78B2A532EFF00ED9F7C /* HackIllinoisSystemsDemoTests.swift */; };
		3D73F7962A532EFF00ED9F7C /* HackIllinoisSystemsDemoUITests.swift in Sources */ = {isa = PBXBuildFile; fileRef = 3D73F7952A532EFF00ED9F7C /* HackIllinoisSystemsDemoUITests.swift */; };
		3D73F7982A532EFF00ED9F7C /* HackIllinoisSystemsDemoUITestsLaunchTests.swift in Sources */ = {isa = PBXBuildFile; fileRef = 3D73F7972A532EFF00ED9F7C /* HackIllinoisSystemsDemoUITestsLaunchTests.swift */; };
/* End PBXBuildFile section */

/* Begin PBXContainerItemProxy section */
		3D73F7882A532EFF00ED9F7C /* PBXContainerItemProxy */ = {
			isa = PBXContainerItemProxy;
			containerPortal = 3D73F76F2A532EFD00ED9F7C /* Project object */;
			proxyType = 1;
			remoteGlobalIDString = 3D73F7762A532EFD00ED9F7C;
			remoteInfo = HackIllinoisSystemsDemo;
		};
		3D73F7922A532EFF00ED9F7C /* PBXContainerItemProxy */ = {
			isa = PBXContainerItemProxy;
			containerPortal = 3D73F76F2A532EFD00ED9F7C /* Project object */;
			proxyType = 1;
			remoteGlobalIDString = 3D73F7762A532EFD00ED9F7C;
			remoteInfo = HackIllinoisSystemsDemo;
		};
/* End PBXContainerItemProxy section */

/* Begin PBXFileReference section */
		3D73F7772A532EFD00ED9F7C /* HackIllinoisSystemsDemo.app */ = {isa = PBXFileReference; explicitFileType = wrapper.application; includeInIndex = 0; path = HackIllinoisSystemsDemo.app; sourceTree = BUILT_PRODUCTS_DIR; };
		3D73F77A2A532EFD00ED9F7C /* HackIllinoisSystemsDemoApp.swift */ = {isa = PBXFileReference; lastKnownFileType = sourcecode.swift; path = HackIllinoisSystemsDemoApp.swift; sourceTree = "<group>"; };
		3D73F77C2A532EFD00ED9F7C /* ContentView.swift */ = {isa = PBXFileReference; lastKnownFileType = sourcecode.swift; path = ContentView.swift; sourceTree = "<group>"; };
		3D73F77E2A532EFF00ED9F7C /* Assets.xcassets */ = {isa = PBXFileReference; lastKnownFileType = folder.assetcatalog; path = Assets.xcassets; sourceTree = "<group>"; };
		3D73F7812A532EFF00ED9F7C /* Preview Assets.xcassets */ = {isa = PBXFileReference; lastKnownFileType = folder.assetcatalog; path = "Preview Assets.xcassets"; sourceTree = "<group>"; };
		3D73F7872A532EFF00ED9F7C /* HackIllinoisSystemsDemoTests.xctest */ = {isa = PBXFileReference; explicitFileType = wrapper.cfbundle; includeInIndex = 0; path = HackIllinoisSystemsDemoTests.xctest; sourceTree = BUILT_PRODUCTS_DIR; };
		3D73F78B2A532EFF00ED9F7C /* HackIllinoisSystemsDemoTests.swift */ = {isa = PBXFileReference; lastKnownFileType = sourcecode.swift; path = HackIllinoisSystemsDemoTests.swift; sourceTree = "<group>"; };
		3D73F7912A532EFF00ED9F7C /* HackIllinoisSystemsDemoUITests.xctest */ = {isa = PBXFileReference; explicitFileType = wrapper.cfbundle; includeInIndex = 0; path = HackIllinoisSystemsDemoUITests.xctest; sourceTree = BUILT_PRODUCTS_DIR; };
		3D73F7952A532EFF00ED9F7C /* HackIllinoisSystemsDemoUITests.swift */ = {isa = PBXFileReference; lastKnownFileType = sourcecode.swift; path = HackIllinoisSystemsDemoUITests.swift; sourceTree = "<group>"; };
		3D73F7972A532EFF00ED9F7C /* HackIllinoisSystemsDemoUITestsLaunchTests.swift */ = {isa = PBXFileReference; lastKnownFileType = sourcecode.swift; path = HackIllinoisSystemsDemoUITestsLaunchTests.swift; sourceTree = "<group>"; };
/* End PBXFileReference section */

/* Begin PBXFrameworksBuildPhase section */
		3D73F7742A532EFD00ED9F7C /* Frameworks */ = {
			isa = PBXFrameworksBuildPhase;
			buildActionMask = 2147483647;
			files = (
			);
			runOnlyForDeploymentPostprocessing = 0;
		};
		3D73F7842A532EFF00ED9F7C /* Frameworks */ = {
			isa = PBXFrameworksBuildPhase;
			buildActionMask = 2147483647;
			files = (
			);
			runOnlyForDeploymentPostprocessing = 0;
		};
		3D73F78E2A532EFF00ED9F7C /* Frameworks */ = {
			isa = PBXFrameworksBuildPhase;
			buildActionMask = 2147483647;
			files = (
			);
			runOnlyForDeploymentPostprocessing = 0;
		};
/* End PBXFrameworksBuildPhase section */

/* Begin PBXGroup section */
		3D73F76E2A532EFD00ED9F7C = {
			isa = PBXGroup;
			children = (
				3D73F7792A532EFD00ED9F7C /* HackIllinoisSystemsDemo */,
				3D73F78A2A532EFF00ED9F7C /* HackIllinoisSystemsDemoTests */,
				3D73F7942A532EFF00ED9F7C /* HackIllinoisSystemsDemoUITests */,
				3D73F7782A532EFD00ED9F7C /* Products */,
			);
			sourceTree = "<group>";
		};
		3D73F7782A532EFD00ED9F7C /* Products */ = {
			isa = PBXGroup;
			children = (
				3D73F7772A532EFD00ED9F7C /* HackIllinoisSystemsDemo.app */,
				3D73F7872A532EFF00ED9F7C /* HackIllinoisSystemsDemoTests.xctest */,
				3D73F7912A532EFF00ED9F7C /* HackIllinoisSystemsDemoUITests.xctest */,
			);
			name = Products;
			sourceTree = "<group>";
		};
		3D73F7792A532EFD00ED9F7C /* HackIllinoisSystemsDemo */ = {
			isa = PBXGroup;
			children = (
				3D73F77A2A532EFD00ED9F7C /* HackIllinoisSystemsDemoApp.swift */,
				3D73F77C2A532EFD00ED9F7C /* ContentView.swift */,
				3D73F77E2A532EFF00ED9F7C /* Assets.xcassets */,
				3D73F7802A532EFF00ED9F7C /* Preview Content */,
			);
			path = HackIllinoisSystemsDemo;
			sourceTree = "<group>";
		};
		3D73F7802A532EFF00ED9F7C /* Preview Content */ = {
			isa = PBXGroup;
			children = (
				3D73F7812A532EFF00ED9F7C /* Preview Assets.xcassets */,
			);
			path = "Preview Content";
			sourceTree = "<group>";
		};
		3D73F78A2A532EFF00ED9F7C /* HackIllinoisSystemsDemoTests */ = {
			isa = PBXGroup;
			children = (
				3D73F78B2A532EFF00ED9F7C /* HackIllinoisSystemsDemoTests.swift */,
			);
			path = HackIllinoisSystemsDemoTests;
			sourceTree = "<group>";
		};
		3D73F7942A532EFF00ED9F7C /* HackIllinoisSystemsDemoUITests */ = {
			isa = PBXGroup;
			children = (
				3D73F7952A532EFF00ED9F7C /* HackIllinoisSystemsDemoUITests.swift */,
				3D73F7972A532EFF00ED9F7C /* HackIllinoisSystemsDemoUITestsLaunchTests.swift */,
			);
			path = HackIllinoisSystemsDemoUITests;
			sourceTree = "<group>";
		};
/* End PBXGroup section */

/* Begin PBXNativeTarget section */
		3D73F7762A532EFD00ED9F7C /* HackIllinoisSystemsDemo */ = {
			isa = PBXNativeTarget;
			buildConfigurationList = 3D73F79B2A532EFF00ED9F7C /* Build configuration list for PBXNativeTarget "HackIllinoisSystemsDemo" */;
			buildPhases = (
				3D73F7732A532EFD00ED9F7C /* Sources */,
				3D73F7742A532EFD00ED9F7C /* Frameworks */,
				3D73F7752A532EFD00ED9F7C /* Resources */,
			);
			buildRules = (
			);
			dependencies = (
			);
			name = HackIllinoisSystemsDemo;
			productName = HackIllinoisSystemsDemo;
			productReference = 3D73F7772A532EFD00ED9F7C /* HackIllinoisSystemsDemo.app */;
			productType = "com.apple.product-type.application";
		};
		3D73F7862A532EFF00ED9F7C /* HackIllinoisSystemsDemoTests */ = {
			isa = PBXNativeTarget;
			buildConfigurationList = 3D73F79E2A532EFF00ED9F7C /* Build configuration list for PBXNativeTarget "HackIllinoisSystemsDemoTests" */;
			buildPhases = (
				3D73F7832A532EFF00ED9F7C /* Sources */,
				3D73F7842A532EFF00ED9F7C /* Frameworks */,
				3D73F7852A532EFF00ED9F7C /* Resources */,
			);
			buildRules = (
			);
			dependencies = (
				3D73F7892A532EFF00ED9F7C /* PBXTargetDependency */,
			);
			name = HackIllinoisSystemsDemoTests;
			productName = HackIllinoisSystemsDemoTests;
			productReference = 3D73F7872A532EFF00ED9F7C /* HackIllinoisSystemsDemoTests.xctest */;
			productType = "com.apple.product-type.bundle.unit-test";
		};
		3D73F7902A532EFF00ED9F7C /* HackIllinoisSystemsDemoUITests */ = {
			isa = PBXNativeTarget;
			buildConfigurationList = 3D73F7A12A532EFF00ED9F7C /* Build configuration list for PBXNativeTarget "HackIllinoisSystemsDemoUITests" */;
			buildPhases = (
				3D73F78D2A532EFF00ED9F7C /* Sources */,
				3D73F78E2A532EFF00ED9F7C /* Frameworks */,
				3D73F78F2A532EFF00ED9F7C /* Resources */,
			);
			buildRules = (
			);
			dependencies = (
				3D73F7932A532EFF00ED9F7C /* PBXTargetDependency */,
			);
			name = HackIllinoisSystemsDemoUITests;
			productName = HackIllinoisSystemsDemoUITests;
			productReference = 3D73F7912A532EFF00ED9F7C /* HackIllinoisSystemsDemoUITests.xctest */;
			productType = "com.apple.product-type.bundle.ui-testing";
		};
/* End PBXNativeTarget section */

/* Begin PBXProject section */
		3D73F76F2A532EFD00ED9F7C /* Project object */ = {
			isa = PBXProject;
			attributes = {
				BuildIndependentTargetsInParallel = 1;
				LastSwiftUpdateCheck = 1430;
				LastUpgradeCheck = 1430;
				TargetAttributes = {
					3D73F7762A532EFD00ED9F7C = {
						CreatedOnToolsVersion = 14.3.1;
					};
					3D73F7862A532EFF00ED9F7C = {
						CreatedOnToolsVersion = 14.3.1;
						TestTargetID = 3D73F7762A532EFD00ED9F7C;
					};
					3D73F7902A532EFF00ED9F7C = {
						CreatedOnToolsVersion = 14.3.1;
						TestTargetID = 3D73F7762A532EFD00ED9F7C;
					};
				};
			};
			buildConfigurationList = 3D73F7722A532EFD00ED9F7C /* Build configuration list for PBXProject "HackIllinoisSystemsDemo" */;
			compatibilityVersion = "Xcode 14.0";
			developmentRegion = en;
			hasScannedForEncodings = 0;
			knownRegions = (
				en,
				Base,
			);
			mainGroup = 3D73F76E2A532EFD00ED9F7C;
			productRefGroup = 3D73F7782A532EFD00ED9F7C /* Products */;
			projectDirPath = "";
			projectRoot = "";
			targets = (
				3D73F7762A532EFD00ED9F7C /* HackIllinoisSystemsDemo */,
				3D73F7862A532EFF00ED9F7C /* HackIllinoisSystemsDemoTests */,
				3D73F7902A532EFF00ED9F7C /* HackIllinoisSystemsDemoUITests */,
			);
		};
/* End PBXProject section */

/* Begin PBXResourcesBuildPhase section */
		3D73F7752A532EFD00ED9F7C /* Resources */ = {
			isa = PBXResourcesBuildPhase;
			buildActionMask = 2147483647;
			files = (
				3D73F7822A532EFF00ED9F7C /* Preview Assets.xcassets in Resources */,
				3D73F77F2A532EFF00ED9F7C /* Assets.xcassets in Resources */,
			);
			runOnlyForDeploymentPostprocessing = 0;
		};
		3D73F7852A532EFF00ED9F7C /* Resources */ = {
			isa = PBXResourcesBuildPhase;
			buildActionMask = 2147483647;
			files = (
			);
			runOnlyForDeploymentPostprocessing = 0;
		};
		3D73F78F2A532EFF00ED9F7C /* Resources */ = {
			isa = PBXResourcesBuildPhase;
			buildActionMask = 2147483647;
			files = (
			);
			runOnlyForDeploymentPostprocessing = 0;
		};
/* End PBXResourcesBuildPhase section */

/* Begin PBXSourcesBuildPhase section */
		3D73F7732A532EFD00ED9F7C /* Sources */ = {
			isa = PBXSourcesBuildPhase;
			buildActionMask = 2147483647;
			files = (
				3D73F77D2A532EFD00ED9F7C /* ContentView.swift in Sources */,
				3D73F77B2A532EFD00ED9F7C /* HackIllinoisSystemsDemoApp.swift in Sources */,
			);
			runOnlyForDeploymentPostprocessing = 0;
		};
		3D73F7832A532EFF00ED9F7C /* Sources */ = {
			isa = PBXSourcesBuildPhase;
			buildActionMask = 2147483647;
			files = (
				3D73F78C2A532EFF00ED9F7C /* HackIllinoisSystemsDemoTests.swift in Sources */,
			);
			runOnlyForDeploymentPostprocessing = 0;
		};
		3D73F78D2A532EFF00ED9F7C /* Sources */ = {
			isa = PBXSourcesBuildPhase;
			buildActionMask = 2147483647;
			files = (
				3D73F7982A532EFF00ED9F7C /* HackIllinoisSystemsDemoUITestsLaunchTests.swift in Sources */,
				3D73F7962A532EFF00ED9F7C /* HackIllinoisSystemsDemoUITests.swift in Sources */,
			);
			runOnlyForDeploymentPostprocessing = 0;
		};
/* End PBXSourcesBuildPhase section */

/* Begin PBXTargetDependency section */
		3D73F7892A532EFF00ED9F7C /* PBXTargetDependency */ = {
			isa = PBXTargetDependency;
			target = 3D73F7762A532EFD00ED9F7C /* HackIllinoisSystemsDemo */;
			targetProxy = 3D73F7882A532EFF00ED9F7C /* PBXContainerItemProxy */;
		};
		3D73F7932A532EFF00ED9F7C /* PBXTargetDependency */ = {
			isa = PBXTargetDependency;
			target = 3D73F7762A532EFD00ED9F7C /* HackIllinoisSystemsDemo */;
			targetProxy = 3D73F7922A532EFF00ED9F7C /* PBXContainerItemProxy */;
		};
/* End PBXTargetDependency section */

/* Begin XCBuildConfiguration section */
		3D73F7992A532EFF00ED9F7C /* Debug */ = {
			isa = XCBuildConfiguration;
			buildSettings = {
				ALWAYS_SEARCH_USER_PATHS = NO;
				CLANG_ANALYZER_NONNULL = YES;
				CLANG_ANALYZER_NUMBER_OBJECT_CONVERSION = YES_AGGRESSIVE;
				CLANG_CXX_LANGUAGE_STANDARD = "gnu++20";
				CLANG_ENABLE_MODULES = YES;
				CLANG_ENABLE_OBJC_ARC = YES;
				CLANG_ENABLE_OBJC_WEAK = YES;
				CLANG_WARN_BLOCK_CAPTURE_AUTORELEASING = YES;
				CLANG_WARN_BOOL_CONVERSION = YES;
				CLANG_WARN_COMMA = YES;
				CLANG_WARN_CONSTANT_CONVERSION = YES;
				CLANG_WARN_DEPRECATED_OBJC_IMPLEMENTATIONS = YES;
				CLANG_WARN_DIRECT_OBJC_ISA_USAGE = YES_ERROR;
				CLANG_WARN_DOCUMENTATION_COMMENTS = YES;
				CLANG_WARN_EMPTY_BODY = YES;
				CLANG_WARN_ENUM_CONVERSION = YES;
				CLANG_WARN_INFINITE_RECURSION = YES;
				CLANG_WARN_INT_CONVERSION = YES;
				CLANG_WARN_NON_LITERAL_NULL_CONVERSION = YES;
				CLANG_WARN_OBJC_IMPLICIT_RETAIN_SELF = YES;
				CLANG_WARN_OBJC_LITERAL_CONVERSION = YES;
				CLANG_WARN_OBJC_ROOT_CLASS = YES_ERROR;
				CLANG_WARN_QUOTED_INCLUDE_IN_FRAMEWORK_HEADER = YES;
				CLANG_WARN_RANGE_LOOP_ANALYSIS = YES;
				CLANG_WARN_STRICT_PROTOTYPES = YES;
				CLANG_WARN_SUSPICIOUS_MOVE = YES;
				CLANG_WARN_UNGUARDED_AVAILABILITY = YES_AGGRESSIVE;
				CLANG_WARN_UNREACHABLE_CODE = YES;
				CLANG_WARN__DUPLICATE_METHOD_MATCH = YES;
				COPY_PHASE_STRIP = NO;
				DEBUG_INFORMATION_FORMAT = dwarf;
				ENABLE_STRICT_OBJC_MSGSEND = YES;
				ENABLE_TESTABILITY = YES;
				GCC_C_LANGUAGE_STANDARD = gnu11;
				GCC_DYNAMIC_NO_PIC = NO;
				GCC_NO_COMMON_BLOCKS = YES;
				GCC_OPTIMIZATION_LEVEL = 0;
				GCC_PREPROCESSOR_DEFINITIONS = (
					"DEBUG=1",
					"$(inherited)",
				);
				GCC_WARN_64_TO_32_BIT_CONVERSION = YES;
				GCC_WARN_ABOUT_RETURN_TYPE = YES_ERROR;
				GCC_WARN_UNDECLARED_SELECTOR = YES;
				GCC_WARN_UNINITIALIZED_AUTOS = YES_AGGRESSIVE;
				GCC_WARN_UNUSED_FUNCTION = YES;
				GCC_WARN_UNUSED_VARIABLE = YES;
				IPHONEOS_DEPLOYMENT_TARGET = 16.4;
				MTL_ENABLE_DEBUG_INFO = INCLUDE_SOURCE;
				MTL_FAST_MATH = YES;
				ONLY_ACTIVE_ARCH = YES;
				SDKROOT = iphoneos;
				SWIFT_ACTIVE_COMPILATION_CONDITIONS = DEBUG;
				SWIFT_OPTIMIZATION_LEVEL = "-Onone";
			};
			name = Debug;
		};
		3D73F79A2A532EFF00ED9F7C /* Release */ = {
			isa = XCBuildConfiguration;
			buildSettings = {
				ALWAYS_SEARCH_USER_PATHS = NO;
				CLANG_ANALYZER_NONNULL = YES;
				CLANG_ANALYZER_NUMBER_OBJECT_CONVERSION = YES_AGGRESSIVE;
				CLANG_CXX_LANGUAGE_STANDARD = "gnu++20";
				CLANG_ENABLE_MODULES = YES;
				CLANG_ENABLE_OBJC_ARC = YES;
				CLANG_ENABLE_OBJC_WEAK = YES;
				CLANG_WARN_BLOCK_CAPTURE_AUTORELEASING = YES;
				CLANG_WARN_BOOL_CONVERSION = YES;
				CLANG_WARN_COMMA = YES;
				CLANG_WARN_CONSTANT_CONVERSION = YES;
				CLANG_WARN_DEPRECATED_OBJC_IMPLEMENTATIONS = YES;
				CLANG_WARN_DIRECT_OBJC_ISA_USAGE = YES_ERROR;
				CLANG_WARN_DOCUMENTATION_COMMENTS = YES;
				CLANG_WARN_EMPTY_BODY = YES;
				CLANG_WARN_ENUM_CONVERSION = YES;
				CLANG_WARN_INFINITE_RECURSION = YES;
				CLANG_WARN_INT_CONVERSION = YES;
				CLANG_WARN_NON_LITERAL_NULL_CONVERSION = YES;
				CLANG_WARN_OBJC_IMPLICIT_RETAIN_SELF = YES;
				CLANG_WARN_OBJC_LITERAL_CONVERSION = YES;
				CLANG_WARN_OBJC_ROOT_CLASS = YES_ERROR;
				CLANG_WARN_QUOTED_INCLUDE_IN_FRAMEWORK_HEADER = YES;
				CLANG_WARN_RANGE_LOOP_ANALYSIS = YES;
				CLANG_WARN_STRICT_PROTOTYPES = YES;
				CLANG_WARN_SUSPICIOUS_MOVE = YES;
				CLANG_WARN_UNGUARDED_AVAILABILITY = YES_AGGRESSIVE;
				CLANG_WARN_UNREACHABLE_CODE = YES;
				CLANG_WARN__DUPLICATE_METHOD_MATCH = YES;
				COPY_PHASE_STRIP = NO;
				DEBUG_INFORMATION_FORMAT = "dwarf-with-dsym";
				ENABLE_NS_ASSERTIONS = NO;
				ENABLE_STRICT_OBJC_MSGSEND = YES;
				GCC_C_LANGUAGE_STANDARD = gnu11;
				GCC_NO_COMMON_BLOCKS = YES;
				GCC_WARN_64_TO_32_BIT_CONVERSION = YES;
				GCC_WARN_ABOUT_RETURN_TYPE = YES_ERROR;
				GCC_WARN_UNDECLARED_SELECTOR = YES;
				GCC_WARN_UNINITIALIZED_AUTOS = YES_AGGRESSIVE;
				GCC_WARN_UNUSED_FUNCTION = YES;
				GCC_WARN_UNUSED_VARIABLE = YES;
				IPHONEOS_DEPLOYMENT_TARGET = 16.4;
				MTL_ENABLE_DEBUG_INFO = NO;
				MTL_FAST_MATH = YES;
				SDKROOT = iphoneos;
				SWIFT_COMPILATION_MODE = wholemodule;
				SWIFT_OPTIMIZATION_LEVEL = "-O";
				VALIDATE_PRODUCT = YES;
			};
			name = Release;
		};
		3D73F79C2A532EFF00ED9F7C /* Debug */ = {
			isa = XCBuildConfiguration;
			buildSettings = {
				ASSETCATALOG_COMPILER_APPICON_NAME = AppIcon;
				ASSETCATALOG_COMPILER_GLOBAL_ACCENT_COLOR_NAME = AccentColor;
				CODE_SIGN_STYLE = Automatic;
				CURRENT_PROJECT_VERSION = 1;
				DEVELOPMENT_ASSET_PATHS = "\"HackIllinoisSystemsDemo/Preview Content\"";
				DEVELOPMENT_TEAM = VYYFVMH6ZV;
				ENABLE_PREVIEWS = YES;
				GENERATE_INFOPLIST_FILE = YES;
				INFOPLIST_KEY_UIApplicationSceneManifest_Generation = YES;
				INFOPLIST_KEY_UIApplicationSupportsIndirectInputEvents = YES;
				INFOPLIST_KEY_UILaunchScreen_Generation = YES;
				INFOPLIST_KEY_UISupportedInterfaceOrientations_iPad = "UIInterfaceOrientationPortrait UIInterfaceOrientationPortraitUpsideDown UIInterfaceOrientationLandscapeLeft UIInterfaceOrientationLandscapeRight";
				INFOPLIST_KEY_UISupportedInterfaceOrientations_iPhone = "UIInterfaceOrientationPortrait UIInterfaceOrientationLandscapeLeft UIInterfaceOrientationLandscapeRight";
				LD_RUNPATH_SEARCH_PATHS = (
					"$(inherited)",
					"@executable_path/Frameworks",
				);
				MARKETING_VERSION = 1.0;
				PRODUCT_BUNDLE_IDENTIFIER = Dev.HackIllinoisSystemsDemo;
				PRODUCT_NAME = "$(TARGET_NAME)";
				SWIFT_EMIT_LOC_STRINGS = YES;
				SWIFT_VERSION = 5.0;
				TARGETED_DEVICE_FAMILY = "1,2";
			};
			name = Debug;
		};
		3D73F79D2A532EFF00ED9F7C /* Release */ = {
			isa = XCBuildConfiguration;
			buildSettings = {
				ASSETCATALOG_COMPILER_APPICON_NAME = AppIcon;
				ASSETCATALOG_COMPILER_GLOBAL_ACCENT_COLOR_NAME = AccentColor;
				CODE_SIGN_STYLE = Automatic;
				CURRENT_PROJECT_VERSION = 1;
				DEVELOPMENT_ASSET_PATHS = "\"HackIllinoisSystemsDemo/Preview Content\"";
				DEVELOPMENT_TEAM = VYYFVMH6ZV;
				ENABLE_PREVIEWS = YES;
				GENERATE_INFOPLIST_FILE = YES;
				INFOPLIST_KEY_UIApplicationSceneManifest_Generation = YES;
				INFOPLIST_KEY_UIApplicationSupportsIndirectInputEvents = YES;
				INFOPLIST_KEY_UILaunchScreen_Generation = YES;
				INFOPLIST_KEY_UISupportedInterfaceOrientations_iPad = "UIInterfaceOrientationPortrait UIInterfaceOrientationPortraitUpsideDown UIInterfaceOrientationLandscapeLeft UIInterfaceOrientationLandscapeRight";
				INFOPLIST_KEY_UISupportedInterfaceOrientations_iPhone = "UIInterfaceOrientationPortrait UIInterfaceOrientationLandscapeLeft UIInterfaceOrientationLandscapeRight";
				LD_RUNPATH_SEARCH_PATHS = (
					"$(inherited)",
					"@executable_path/Frameworks",
				);
				MARKETING_VERSION = 1.0;
				PRODUCT_BUNDLE_IDENTIFIER = Dev.HackIllinoisSystemsDemo;
				PRODUCT_NAME = "$(TARGET_NAME)";
				SWIFT_EMIT_LOC_STRINGS = YES;
				SWIFT_VERSION = 5.0;
				TARGETED_DEVICE_FAMILY = "1,2";
			};
			name = Release;
		};
		3D73F79F2A532EFF00ED9F7C /* Debug */ = {
			isa = XCBuildConfiguration;
			buildSettings = {
				ALWAYS_EMBED_SWIFT_STANDARD_LIBRARIES = YES;
				BUNDLE_LOADER = "$(TEST_HOST)";
				CODE_SIGN_STYLE = Automatic;
				CURRENT_PROJECT_VERSION = 1;
				DEVELOPMENT_TEAM = VYYFVMH6ZV;
				GENERATE_INFOPLIST_FILE = YES;
				IPHONEOS_DEPLOYMENT_TARGET = 16.4;
				MARKETING_VERSION = 1.0;
				PRODUCT_BUNDLE_IDENTIFIER = Dev.HackIllinoisSystemsDemoTests;
				PRODUCT_NAME = "$(TARGET_NAME)";
				SWIFT_EMIT_LOC_STRINGS = NO;
				SWIFT_VERSION = 5.0;
				TARGETED_DEVICE_FAMILY = "1,2";
				TEST_HOST = "$(BUILT_PRODUCTS_DIR)/HackIllinoisSystemsDemo.app/$(BUNDLE_EXECUTABLE_FOLDER_PATH)/HackIllinoisSystemsDemo";
			};
			name = Debug;
		};
		3D73F7A02A532EFF00ED9F7C /* Release */ = {
			isa = XCBuildConfiguration;
			buildSettings = {
				ALWAYS_EMBED_SWIFT_STANDARD_LIBRARIES = YES;
				BUNDLE_LOADER = "$(TEST_HOST)";
				CODE_SIGN_STYLE = Automatic;
				CURRENT_PROJECT_VERSION = 1;
				DEVELOPMENT_TEAM = VYYFVMH6ZV;
				GENERATE_INFOPLIST_FILE = YES;
				IPHONEOS_DEPLOYMENT_TARGET = 16.4;
				MARKETING_VERSION = 1.0;
				PRODUCT_BUNDLE_IDENTIFIER = Dev.HackIllinoisSystemsDemoTests;
				PRODUCT_NAME = "$(TARGET_NAME)";
				SWIFT_EMIT_LOC_STRINGS = NO;
				SWIFT_VERSION = 5.0;
				TARGETED_DEVICE_FAMILY = "1,2";
				TEST_HOST = "$(BUILT_PRODUCTS_DIR)/HackIllinoisSystemsDemo.app/$(BUNDLE_EXECUTABLE_FOLDER_PATH)/HackIllinoisSystemsDemo";
			};
			name = Release;
		};
		3D73F7A22A532EFF00ED9F7C /* Debug */ = {
			isa = XCBuildConfiguration;
			buildSettings = {
				ALWAYS_EMBED_SWIFT_STANDARD_LIBRARIES = YES;
				CODE_SIGN_STYLE = Automatic;
				CURRENT_PROJECT_VERSION = 1;
				DEVELOPMENT_TEAM = VYYFVMH6ZV;
				GENERATE_INFOPLIST_FILE = YES;
				MARKETING_VERSION = 1.0;
				PRODUCT_BUNDLE_IDENTIFIER = Dev.HackIllinoisSystemsDemoUITests;
				PRODUCT_NAME = "$(TARGET_NAME)";
				SWIFT_EMIT_LOC_STRINGS = NO;
				SWIFT_VERSION = 5.0;
				TARGETED_DEVICE_FAMILY = "1,2";
				TEST_TARGET_NAME = HackIllinoisSystemsDemo;
			};
			name = Debug;
		};
		3D73F7A32A532EFF00ED9F7C /* Release */ = {
			isa = XCBuildConfiguration;
			buildSettings = {
				ALWAYS_EMBED_SWIFT_STANDARD_LIBRARIES = YES;
				CODE_SIGN_STYLE = Automatic;
				CURRENT_PROJECT_VERSION = 1;
				DEVELOPMENT_TEAM = VYYFVMH6ZV;
				GENERATE_INFOPLIST_FILE = YES;
				MARKETING_VERSION = 1.0;
				PRODUCT_BUNDLE_IDENTIFIER = Dev.HackIllinoisSystemsDemoUITests;
				PRODUCT_NAME = "$(TARGET_NAME)";
				SWIFT_EMIT_LOC_STRINGS = NO;
				SWIFT_VERSION = 5.0;
				TARGETED_DEVICE_FAMILY = "1,2";
				TEST_TARGET_NAME = HackIllinoisSystemsDemo;
			};
			name = Release;
		};
/* End XCBuildConfiguration section */

/* Begin XCConfigurationList section */
		3D73F7722A532EFD00ED9F7C /* Build configuration list for PBXProject "HackIllinoisSystemsDemo" */ = {
			isa = XCConfigurationList;
			buildConfigurations = (
				3D73F7992A532EFF00ED9F7C /* Debug */,
				3D73F79A2A532EFF00ED9F7C /* Release */,
			);
			defaultConfigurationIsVisible = 0;
			defaultConfigurationName = Release;
		};
		3D73F79B2A532EFF00ED9F7C /* Build configuration list for PBXNativeTarget "HackIllinoisSystemsDemo" */ = {
			isa = XCConfigurationList;
			buildConfigurations = (
				3D73F79C2A532EFF00ED9F7C /* Debug */,
				3D73F79D2A532EFF00ED9F7C /* Release */,
			);
			defaultConfigurationIsVisible = 0;
			defaultConfigurationName = Release;
		};
		3D73F79E2A532EFF00ED9F7C /* Build configuration list for PBXNativeTarget "HackIllinoisSystemsDemoTests" */ = {
			isa = XCConfigurationList;
			buildConfigurations = (
				3D73F79F2A532EFF00ED9F7C /* Debug */,
				3D73F7A02A532EFF00ED9F7C /* Release */,
			);
			defaultConfigurationIsVisible = 0;
			defaultConfigurationName = Release;
		};
		3D73F7A12A532EFF00ED9F7C /* Build configuration list for PBXNativeTarget "HackIllinoisSystemsDemoUITests" */ = {
			isa = XCConfigurationList;
			buildConfigurations = (
				3D73F7A22A532EFF00ED9F7C /* Debug */,
				3D73F7A32A532EFF00ED9F7C /* Release */,
			);
			defaultConfigurationIsVisible = 0;
			defaultConfigurationName = Release;
		};
/* End XCConfigurationList section */
	};
	rootObject = 3D73F76F2A532EFD00ED9F7C /* Project object */;
}
